
Microsoft Visual Studio Solution File, Format Version 12.00
# Visual Studio Version 17
VisualStudioVersion = 17.14.36414.22 d17.14
MinimumVisualStudioVersion = 10.0.40219.1
Project("{FAE04EC0-301F-11D3-BF4B-00C04F79EFBC}") = "MariaDbTool", "MariaDbTool\MariaDbTool.csproj", "{9CFFCDE5-390D-46B0-ABE4-3BA1AF9566EE}"
EndProject
Global
	GlobalSection(SolutionConfigurationPlatforms) = preSolution
		Debug|Any CPU = Debug|Any CPU
		Release|Any CPU = Release|Any CPU
	EndGlobalSection
	GlobalSection(ProjectConfigurationPlatforms) = postSolution
		{9CFFCDE5-390D-46B0-ABE4-3BA1AF9566EE}.Debug|Any CPU.ActiveCfg = Debug|Any CPU
		{9CFFCDE5-390D-46B0-ABE4-3BA1AF9566EE}.Debug|Any CPU.Build.0 = Debug|Any CPU
		{9CFFCDE5-390D-46B0-ABE4-3BA1AF9566EE}.Release|Any CPU.ActiveCfg = Release|Any CPU
		{9CFFCDE5-390D-46B0-ABE4-3BA1AF9566EE}.Release|Any CPU.Build.0 = Release|Any CPU
	EndGlobalSection
	GlobalSection(SolutionProperties) = preSolution
		HideSolutionNode = FALSE
	EndGlobalSection
	GlobalSection(ExtensibilityGlobals) = postSolution
		SolutionGuid = {259054D4-2116-417C-9F56-AD8FCA8BA899}
	EndGlobalSection
EndGlobal
